
Microsoft Visual Studio Solution File, Format Version 12.00
# Visual Studio Version 17
VisualStudioVersion = 17.5.33516.290
MinimumVisualStudioVersion = 10.0.40219.1
Project("{FAE04EC0-301F-11D3-BF4B-00C04F79EFBC}") = "aw-mouse-management", "aw-mouse-management.csproj", "{AC4B34A1-150A-4925-B626-02C99078FE2C}"
EndProject
Global
	GlobalSection(SolutionConfigurationPlatforms) = preSolution
		Debug|Any CPU = Debug|Any CPU
		Release|Any CPU = Release|Any CPU
	EndGlobalSection
	GlobalSection(ProjectConfigurationPlatforms) = postSolution
		{AC4B34A1-150A-4925-B626-02C99078FE2C}.Debug|Any CPU.ActiveCfg = Debug|Any CPU
		{AC4B34A1-150A-4925-B626-02C99078FE2C}.Debug|Any CPU.Build.0 = Debug|Any CPU
		{AC4B34A1-150A-4925-B626-02C99078FE2C}.Release|Any CPU.ActiveCfg = Release|Any CPU
		{AC4B34A1-150A-4925-B626-02C99078FE2C}.Release|Any CPU.Build.0 = Release|Any CPU
	EndGlobalSection
	GlobalSection(SolutionProperties) = preSolution
		HideSolutionNode = FALSE
	EndGlobalSection
	GlobalSection(ExtensibilityGlobals) = postSolution
		SolutionGuid = {A0237C7E-A786-4109-807F-673581631AD5}
	EndGlobalSection
EndGlobal
